// !$*UTF8*$!
{
	archiveVersion = 1;
	classes = {
	};
	objectVersion = 50;
	objects = {

/* Begin PBXBuildFile section */
		8B28478221C00F44009737AC /* User.swift in Sources */ = {isa = PBXBuildFile; fileRef = 8B28478121C00F44009737AC /* User.swift */; };
		8B28478421C00F51009737AC /* Group.swift in Sources */ = {isa = PBXBuildFile; fileRef = 8B28478321C00F51009737AC /* Group.swift */; };
		8B28478621C00F59009737AC /* Chore.swift in Sources */ = {isa = PBXBuildFile; fileRef = 8B28478521C00F59009737AC /* Chore.swift */; };
		8B296EF0222EBE40002EB0B8 /* AddMemberPopupViewController.swift in Sources */ = {isa = PBXBuildFile; fileRef = 8B296EEF222EBE40002EB0B8 /* AddMemberPopupViewController.swift */; };
		8B296EF222301B74002EB0B8 /* CreateNewGroupViewController.swift in Sources */ = {isa = PBXBuildFile; fileRef = 8B296EF122301B74002EB0B8 /* CreateNewGroupViewController.swift */; };
		8B2F019C223A9792008AC7DC /* Main.storyboard in Resources */ = {isa = PBXBuildFile; fileRef = 8B2F019B223A9792008AC7DC /* Main.storyboard */; };
		8B2F01A2223A9AC7008AC7DC /* CustomTabBarController.swift in Sources */ = {isa = PBXBuildFile; fileRef = 8B2F01A1223A9AC7008AC7DC /* CustomTabBarController.swift */; };
		8B326AA021AD926D00665FFE /* AppDelegate.swift in Sources */ = {isa = PBXBuildFile; fileRef = 8B326A9F21AD926D00665FFE /* AppDelegate.swift */; };
		8B326AA721AD927700665FFE /* Assets.xcassets in Resources */ = {isa = PBXBuildFile; fileRef = 8B326AA621AD927700665FFE /* Assets.xcassets */; };
		8B4BBCCB222D794A0068B417 /* Popups.storyboard in Resources */ = {isa = PBXBuildFile; fileRef = 8B4BBCCA222D794A0068B417 /* Popups.storyboard */; };
		8B6AB6BC22314E990055907B /* AddChorePopupViewController.swift in Sources */ = {isa = PBXBuildFile; fileRef = 8B6AB6BB22314E990055907B /* AddChorePopupViewController.swift */; };
		8B73F68621C8235F005A66E5 /* NoGroupViewController.swift in Sources */ = {isa = PBXBuildFile; fileRef = 8B73F68521C8235F005A66E5 /* NoGroupViewController.swift */; };
		8B73F68821C83F56005A66E5 /* ParentViewController.swift in Sources */ = {isa = PBXBuildFile; fileRef = 8B73F68721C83F56005A66E5 /* ParentViewController.swift */; };
		8BB436B62203592600811C2B /* StartingScreenViewController.swift in Sources */ = {isa = PBXBuildFile; fileRef = 8BB436B52203592600811C2B /* StartingScreenViewController.swift */; };
		8BB436BA22049A8A00811C2B /* DatabaseHandler.swift in Sources */ = {isa = PBXBuildFile; fileRef = 8BB436B922049A8A00811C2B /* DatabaseHandler.swift */; };
		8BC1EBFD21AF04B0004CF3EC /* GoogleService-Info.plist in Resources */ = {isa = PBXBuildFile; fileRef = 8BC1EBFC21AF04AF004CF3EC /* GoogleService-Info.plist */; };
		8BC7165F223BC9ED00910ED0 /* Chores.storyboard in Resources */ = {isa = PBXBuildFile; fileRef = 8BC7165E223BC9ED00910ED0 /* Chores.storyboard */; };
		8BC71661223BCA0400910ED0 /* Options.storyboard in Resources */ = {isa = PBXBuildFile; fileRef = 8BC71660223BCA0400910ED0 /* Options.storyboard */; };
		8BDD009D2226BCE3005210BC /* LaunchScreen.storyboard in Resources */ = {isa = PBXBuildFile; fileRef = 8BDD009A2226BCE3005210BC /* LaunchScreen.storyboard */; };
		8BDD009F2226BCE3005210BC /* Accounts.storyboard in Resources */ = {isa = PBXBuildFile; fileRef = 8BDD009C2226BCE3005210BC /* Accounts.storyboard */; };
		8BDD00A12226BD13005210BC /* Group.storyboard in Resources */ = {isa = PBXBuildFile; fileRef = 8BDD00A02226BD13005210BC /* Group.storyboard */; };
		8BDD00A32226BE11005210BC /* Parent.storyboard in Resources */ = {isa = PBXBuildFile; fileRef = 8BDD00A22226BE11005210BC /* Parent.storyboard */; };
		8BDD00A52226BE28005210BC /* Child.storyboard in Resources */ = {isa = PBXBuildFile; fileRef = 8BDD00A42226BE28005210BC /* Child.storyboard */; };
		9736145D22034B3200B427E0 /* DuplicateLoadingScreenViewController.swift in Sources */ = {isa = PBXBuildFile; fileRef = 9736145C22034B3200B427E0 /* DuplicateLoadingScreenViewController.swift */; };
		97C6789B21F0B47500EFA7F2 /* ChildViewController.swift in Sources */ = {isa = PBXBuildFile; fileRef = 97C6789A21F0B47500EFA7F2 /* ChildViewController.swift */; };
		97F6A33021DE5CA100B58278 /* SignUpViewController.swift in Sources */ = {isa = PBXBuildFile; fileRef = 97F6A32F21DE5CA100B58278 /* SignUpViewController.swift */; };
		97F6A33221DE5CC700B58278 /* LogInViewController.swift in Sources */ = {isa = PBXBuildFile; fileRef = 97F6A33121DE5CC700B58278 /* LogInViewController.swift */; };
		E0E2AB16C4E0D6A118B26F7D /* Pods_ChoreApp.framework in Frameworks */ = {isa = PBXBuildFile; fileRef = CB135B47EA073AA2992A294E /* Pods_ChoreApp.framework */; };
		F390B1B822049828006A5F97 /* ChoreTableViewCell.swift in Sources */ = {isa = PBXBuildFile; fileRef = F390B1B722049828006A5F97 /* ChoreTableViewCell.swift */; };
		F39BC85821DE593100BD3DD3 /* staticValues.swift in Sources */ = {isa = PBXBuildFile; fileRef = F39BC85721DE593100BD3DD3 /* staticValues.swift */; };
/* End PBXBuildFile section */

/* Begin PBXFileReference section */
		8B28478121C00F44009737AC /* User.swift */ = {isa = PBXFileReference; lastKnownFileType = sourcecode.swift; path = User.swift; sourceTree = "<group>"; };
		8B28478321C00F51009737AC /* Group.swift */ = {isa = PBXFileReference; lastKnownFileType = sourcecode.swift; path = Group.swift; sourceTree = "<group>"; };
		8B28478521C00F59009737AC /* Chore.swift */ = {isa = PBXFileReference; lastKnownFileType = sourcecode.swift; path = Chore.swift; sourceTree = "<group>"; };
		8B296EEF222EBE40002EB0B8 /* AddMemberPopupViewController.swift */ = {isa = PBXFileReference; lastKnownFileType = sourcecode.swift; path = AddMemberPopupViewController.swift; sourceTree = "<group>"; };
		8B296EF122301B74002EB0B8 /* CreateNewGroupViewController.swift */ = {isa = PBXFileReference; lastKnownFileType = sourcecode.swift; path = CreateNewGroupViewController.swift; sourceTree = "<group>"; };
		8B2F019B223A9792008AC7DC /* Main.storyboard */ = {isa = PBXFileReference; lastKnownFileType = file.storyboard; path = Main.storyboard; sourceTree = "<group>"; };
		8B2F01A1223A9AC7008AC7DC /* CustomTabBarController.swift */ = {isa = PBXFileReference; lastKnownFileType = sourcecode.swift; path = CustomTabBarController.swift; sourceTree = "<group>"; };
		8B326A9C21AD926D00665FFE /* ChoreApp.app */ = {isa = PBXFileReference; explicitFileType = wrapper.application; includeInIndex = 0; path = ChoreApp.app; sourceTree = BUILT_PRODUCTS_DIR; };
		8B326A9F21AD926D00665FFE /* AppDelegate.swift */ = {isa = PBXFileReference; lastKnownFileType = sourcecode.swift; path = AppDelegate.swift; sourceTree = "<group>"; };
		8B326AA621AD927700665FFE /* Assets.xcassets */ = {isa = PBXFileReference; lastKnownFileType = folder.assetcatalog; path = Assets.xcassets; sourceTree = "<group>"; };
		8B326AAB21AD927700665FFE /* Info.plist */ = {isa = PBXFileReference; lastKnownFileType = text.plist.xml; path = Info.plist; sourceTree = "<group>"; };
		8B4BBCCA222D794A0068B417 /* Popups.storyboard */ = {isa = PBXFileReference; lastKnownFileType = file.storyboard; path = Popups.storyboard; sourceTree = "<group>"; };
		8B6AB6BB22314E990055907B /* AddChorePopupViewController.swift */ = {isa = PBXFileReference; lastKnownFileType = sourcecode.swift; path = AddChorePopupViewController.swift; sourceTree = "<group>"; };
		8B73F68521C8235F005A66E5 /* NoGroupViewController.swift */ = {isa = PBXFileReference; lastKnownFileType = sourcecode.swift; path = NoGroupViewController.swift; sourceTree = "<group>"; };
		8B73F68721C83F56005A66E5 /* ParentViewController.swift */ = {isa = PBXFileReference; lastKnownFileType = sourcecode.swift; path = ParentViewController.swift; sourceTree = "<group>"; };
		8BB436B52203592600811C2B /* StartingScreenViewController.swift */ = {isa = PBXFileReference; lastKnownFileType = sourcecode.swift; path = StartingScreenViewController.swift; sourceTree = "<group>"; };
		8BB436B922049A8A00811C2B /* DatabaseHandler.swift */ = {isa = PBXFileReference; fileEncoding = 4; lastKnownFileType = sourcecode.swift; path = DatabaseHandler.swift; sourceTree = "<group>"; };
		8BC1EBFC21AF04AF004CF3EC /* GoogleService-Info.plist */ = {isa = PBXFileReference; fileEncoding = 4; lastKnownFileType = text.plist.xml; path = "GoogleService-Info.plist"; sourceTree = "<group>"; };
		8BC7165E223BC9ED00910ED0 /* Chores.storyboard */ = {isa = PBXFileReference; lastKnownFileType = file.storyboard; path = Chores.storyboard; sourceTree = "<group>"; };
		8BC71660223BCA0400910ED0 /* Options.storyboard */ = {isa = PBXFileReference; lastKnownFileType = file.storyboard; path = Options.storyboard; sourceTree = "<group>"; };
		8BDD009A2226BCE3005210BC /* LaunchScreen.storyboard */ = {isa = PBXFileReference; fileEncoding = 4; lastKnownFileType = file.storyboard; path = LaunchScreen.storyboard; sourceTree = "<group>"; };
		8BDD009C2226BCE3005210BC /* Accounts.storyboard */ = {isa = PBXFileReference; fileEncoding = 4; lastKnownFileType = file.storyboard; path = Accounts.storyboard; sourceTree = "<group>"; };
		8BDD00A02226BD13005210BC /* Group.storyboard */ = {isa = PBXFileReference; lastKnownFileType = file.storyboard; path = Group.storyboard; sourceTree = "<group>"; };
		8BDD00A22226BE11005210BC /* Parent.storyboard */ = {isa = PBXFileReference; lastKnownFileType = file.storyboard; path = Parent.storyboard; sourceTree = "<group>"; };
		8BDD00A42226BE28005210BC /* Child.storyboard */ = {isa = PBXFileReference; lastKnownFileType = file.storyboard; path = Child.storyboard; sourceTree = "<group>"; };
		9736145C22034B3200B427E0 /* DuplicateLoadingScreenViewController.swift */ = {isa = PBXFileReference; lastKnownFileType = sourcecode.swift; path = DuplicateLoadingScreenViewController.swift; sourceTree = "<group>"; };
		97C6789A21F0B47500EFA7F2 /* ChildViewController.swift */ = {isa = PBXFileReference; lastKnownFileType = sourcecode.swift; path = ChildViewController.swift; sourceTree = "<group>"; };
		97F6A32F21DE5CA100B58278 /* SignUpViewController.swift */ = {isa = PBXFileReference; lastKnownFileType = sourcecode.swift; path = SignUpViewController.swift; sourceTree = "<group>"; };
		97F6A33121DE5CC700B58278 /* LogInViewController.swift */ = {isa = PBXFileReference; lastKnownFileType = sourcecode.swift; path = LogInViewController.swift; sourceTree = "<group>"; };
		98D7D931FF7F0FA21FB2178A /* Pods-ChoreApp.debug.xcconfig */ = {isa = PBXFileReference; includeInIndex = 1; lastKnownFileType = text.xcconfig; name = "Pods-ChoreApp.debug.xcconfig"; path = "Target Support Files/Pods-ChoreApp/Pods-ChoreApp.debug.xcconfig"; sourceTree = "<group>"; };
		CB135B47EA073AA2992A294E /* Pods_ChoreApp.framework */ = {isa = PBXFileReference; explicitFileType = wrapper.framework; includeInIndex = 0; path = Pods_ChoreApp.framework; sourceTree = BUILT_PRODUCTS_DIR; };
		D0B941B14A85B763217D5324 /* Pods-ChoreApp.release.xcconfig */ = {isa = PBXFileReference; includeInIndex = 1; lastKnownFileType = text.xcconfig; name = "Pods-ChoreApp.release.xcconfig"; path = "Target Support Files/Pods-ChoreApp/Pods-ChoreApp.release.xcconfig"; sourceTree = "<group>"; };
		F390B1B722049828006A5F97 /* ChoreTableViewCell.swift */ = {isa = PBXFileReference; lastKnownFileType = sourcecode.swift; path = ChoreTableViewCell.swift; sourceTree = "<group>"; };
		F39BC85721DE593100BD3DD3 /* staticValues.swift */ = {isa = PBXFileReference; lastKnownFileType = sourcecode.swift; path = staticValues.swift; sourceTree = "<group>"; };
/* End PBXFileReference section */

/* Begin PBXFrameworksBuildPhase section */
		8B326A9921AD926D00665FFE /* Frameworks */ = {
			isa = PBXFrameworksBuildPhase;
			buildActionMask = 2147483647;
			files = (
				E0E2AB16C4E0D6A118B26F7D /* Pods_ChoreApp.framework in Frameworks */,
			);
			runOnlyForDeploymentPostprocessing = 0;
		};
/* End PBXFrameworksBuildPhase section */

/* Begin PBXGroup section */
		315B0C067FFD1C6D4007529C /* Frameworks */ = {
			isa = PBXGroup;
			children = (
				CB135B47EA073AA2992A294E /* Pods_ChoreApp.framework */,
			);
			name = Frameworks;
			sourceTree = "<group>";
		};
		81C93F777008F937CC05FA17 /* Pods */ = {
			isa = PBXGroup;
			children = (
				98D7D931FF7F0FA21FB2178A /* Pods-ChoreApp.debug.xcconfig */,
				D0B941B14A85B763217D5324 /* Pods-ChoreApp.release.xcconfig */,
			);
			path = Pods;
			sourceTree = "<group>";
		};
		8B296EEE222EBE01002EB0B8 /* PopupViewControllers */ = {
			isa = PBXGroup;
			children = (
				8B296EEF222EBE40002EB0B8 /* AddMemberPopupViewController.swift */,
				8B296EF122301B74002EB0B8 /* CreateNewGroupViewController.swift */,
				8B6AB6BB22314E990055907B /* AddChorePopupViewController.swift */,
			);
			path = PopupViewControllers;
			sourceTree = "<group>";
		};
		8B2F019D223A99DA008AC7DC /* Controllers */ = {
			isa = PBXGroup;
			children = (
				9736145C22034B3200B427E0 /* DuplicateLoadingScreenViewController.swift */,
				8BB436B52203592600811C2B /* StartingScreenViewController.swift */,
				97F6A33121DE5CC700B58278 /* LogInViewController.swift */,
				97F6A32F21DE5CA100B58278 /* SignUpViewController.swift */,
				8B73F68521C8235F005A66E5 /* NoGroupViewController.swift */,
				8B73F68721C83F56005A66E5 /* ParentViewController.swift */,
				97C6789A21F0B47500EFA7F2 /* ChildViewController.swift */,
				8B2F01A1223A9AC7008AC7DC /* CustomTabBarController.swift */,
				8B296EEE222EBE01002EB0B8 /* PopupViewControllers */,
			);
			path = Controllers;
			sourceTree = "<group>";
		};
		8B2F019E223A99E6008AC7DC /* Other */ = {
			isa = PBXGroup;
			children = (
				8B28478121C00F44009737AC /* User.swift */,
				8B28478321C00F51009737AC /* Group.swift */,
				8B28478521C00F59009737AC /* Chore.swift */,
				F39BC85721DE593100BD3DD3 /* staticValues.swift */,
				F390B1B722049828006A5F97 /* ChoreTableViewCell.swift */,
				8BB436B922049A8A00811C2B /* DatabaseHandler.swift */,
			);
			path = Other;
			sourceTree = "<group>";
		};
		8B326A9321AD926D00665FFE = {
			isa = PBXGroup;
			children = (
				8B326A9E21AD926D00665FFE /* ChoreApp */,
				8B326A9D21AD926D00665FFE /* Products */,
				81C93F777008F937CC05FA17 /* Pods */,
				315B0C067FFD1C6D4007529C /* Frameworks */,
			);
			sourceTree = "<group>";
		};
		8B326A9D21AD926D00665FFE /* Products */ = {
			isa = PBXGroup;
			children = (
				8B326A9C21AD926D00665FFE /* ChoreApp.app */,
			);
			name = Products;
			sourceTree = "<group>";
		};
		8B326A9E21AD926D00665FFE /* ChoreApp */ = {
			isa = PBXGroup;
			children = (
				8BDD00992226BCE3005210BC /* Storyboards */,
				8B2F019D223A99DA008AC7DC /* Controllers */,
				8B2F019E223A99E6008AC7DC /* Other */,
				8B326A9F21AD926D00665FFE /* AppDelegate.swift */,
				8B326AA621AD927700665FFE /* Assets.xcassets */,
				8B326AAB21AD927700665FFE /* Info.plist */,
				8BC1EBFC21AF04AF004CF3EC /* GoogleService-Info.plist */,
			);
			path = ChoreApp;
			sourceTree = "<group>";
		};
		8BDD00992226BCE3005210BC /* Storyboards */ = {
			isa = PBXGroup;
			children = (
				8BDD009A2226BCE3005210BC /* LaunchScreen.storyboard */,
				8BDD009C2226BCE3005210BC /* Accounts.storyboard */,
				8BDD00A02226BD13005210BC /* Group.storyboard */,
				8BDD00A22226BE11005210BC /* Parent.storyboard */,
				8BDD00A42226BE28005210BC /* Child.storyboard */,
				8B4BBCCA222D794A0068B417 /* Popups.storyboard */,
				8B2F019B223A9792008AC7DC /* Main.storyboard */,
				8BC7165E223BC9ED00910ED0 /* Chores.storyboard */,
				8BC71660223BCA0400910ED0 /* Options.storyboard */,
			);
			path = Storyboards;
			sourceTree = "<group>";
		};
/* End PBXGroup section */

/* Begin PBXNativeTarget section */
		8B326A9B21AD926D00665FFE /* ChoreApp */ = {
			isa = PBXNativeTarget;
			buildConfigurationList = 8B326AC421AD927800665FFE /* Build configuration list for PBXNativeTarget "ChoreApp" */;
			buildPhases = (
				0F2F5C8FA23165853870DF30 /* [CP] Check Pods Manifest.lock */,
				8B326A9821AD926D00665FFE /* Sources */,
				8B326A9921AD926D00665FFE /* Frameworks */,
				8B326A9A21AD926D00665FFE /* Resources */,
				6B3AFC608961BB42310660BB /* [CP] Embed Pods Frameworks */,
			);
			buildRules = (
			);
			dependencies = (
			);
			name = ChoreApp;
			productName = ChoreApp;
			productReference = 8B326A9C21AD926D00665FFE /* ChoreApp.app */;
			productType = "com.apple.product-type.application";
		};
/* End PBXNativeTarget section */

/* Begin PBXProject section */
		8B326A9421AD926D00665FFE /* Project object */ = {
			isa = PBXProject;
			attributes = {
				LastSwiftUpdateCheck = 0940;
				LastUpgradeCheck = 0940;
				ORGANIZATIONNAME = SeminarGroup;
				TargetAttributes = {
					8B326A9B21AD926D00665FFE = {
						CreatedOnToolsVersion = 9.4;
					};
				};
			};
			buildConfigurationList = 8B326A9721AD926D00665FFE /* Build configuration list for PBXProject "ChoreApp" */;
			compatibilityVersion = "Xcode 9.3";
			developmentRegion = en;
			hasScannedForEncodings = 0;
			knownRegions = (
				en,
				Base,
			);
			mainGroup = 8B326A9321AD926D00665FFE;
			productRefGroup = 8B326A9D21AD926D00665FFE /* Products */;
			projectDirPath = "";
			projectRoot = "";
			targets = (
				8B326A9B21AD926D00665FFE /* ChoreApp */,
			);
		};
/* End PBXProject section */

/* Begin PBXResourcesBuildPhase section */
		8B326A9A21AD926D00665FFE /* Resources */ = {
			isa = PBXResourcesBuildPhase;
			buildActionMask = 2147483647;
			files = (
				8BDD00A32226BE11005210BC /* Parent.storyboard in Resources */,
				8BDD00A12226BD13005210BC /* Group.storyboard in Resources */,
				8BDD009D2226BCE3005210BC /* LaunchScreen.storyboard in Resources */,
				8BDD00A52226BE28005210BC /* Child.storyboard in Resources */,
				8BDD009F2226BCE3005210BC /* Accounts.storyboard in Resources */,
				8BC1EBFD21AF04B0004CF3EC /* GoogleService-Info.plist in Resources */,
				8B2F019C223A9792008AC7DC /* Main.storyboard in Resources */,
				8B326AA721AD927700665FFE /* Assets.xcassets in Resources */,
				8BC7165F223BC9ED00910ED0 /* Chores.storyboard in Resources */,
				8BC71661223BCA0400910ED0 /* Options.storyboard in Resources */,
				8B4BBCCB222D794A0068B417 /* Popups.storyboard in Resources */,
			);
			runOnlyForDeploymentPostprocessing = 0;
		};
/* End PBXResourcesBuildPhase section */

/* Begin PBXShellScriptBuildPhase section */
		0F2F5C8FA23165853870DF30 /* [CP] Check Pods Manifest.lock */ = {
			isa = PBXShellScriptBuildPhase;
			buildActionMask = 2147483647;
			files = (
			);
			inputFileListPaths = (
			);
			inputPaths = (
				"${PODS_PODFILE_DIR_PATH}/Podfile.lock",
				"${PODS_ROOT}/Manifest.lock",
			);
			name = "[CP] Check Pods Manifest.lock";
			outputFileListPaths = (
			);
			outputPaths = (
				"$(DERIVED_FILE_DIR)/Pods-ChoreApp-checkManifestLockResult.txt",
			);
			runOnlyForDeploymentPostprocessing = 0;
			shellPath = /bin/sh;
			shellScript = "diff \"${PODS_PODFILE_DIR_PATH}/Podfile.lock\" \"${PODS_ROOT}/Manifest.lock\" > /dev/null\nif [ $? != 0 ] ; then\n    # print error to STDERR\n    echo \"error: The sandbox is not in sync with the Podfile.lock. Run 'pod install' or update your CocoaPods installation.\" >&2\n    exit 1\nfi\n# This output is used by Xcode 'outputs' to avoid re-running this script phase.\necho \"SUCCESS\" > \"${SCRIPT_OUTPUT_FILE_0}\"\n";
			showEnvVarsInLog = 0;
		};
		6B3AFC608961BB42310660BB /* [CP] Embed Pods Frameworks */ = {
			isa = PBXShellScriptBuildPhase;
			buildActionMask = 2147483647;
			files = (
			);
			inputFileListPaths = (
			);
			inputPaths = (
				"${PODS_ROOT}/Target Support Files/Pods-ChoreApp/Pods-ChoreApp-frameworks.sh",
				"${BUILT_PRODUCTS_DIR}/GTMSessionFetcher/GTMSessionFetcher.framework",
				"${BUILT_PRODUCTS_DIR}/GoogleUtilities/GoogleUtilities.framework",
				"${BUILT_PRODUCTS_DIR}/leveldb-library/leveldb.framework",
				"${BUILT_PRODUCTS_DIR}/nanopb/nanopb.framework",
			);
			name = "[CP] Embed Pods Frameworks";
			outputFileListPaths = (
			);
			outputPaths = (
				"${TARGET_BUILD_DIR}/${FRAMEWORKS_FOLDER_PATH}/GTMSessionFetcher.framework",
				"${TARGET_BUILD_DIR}/${FRAMEWORKS_FOLDER_PATH}/GoogleUtilities.framework",
				"${TARGET_BUILD_DIR}/${FRAMEWORKS_FOLDER_PATH}/leveldb.framework",
				"${TARGET_BUILD_DIR}/${FRAMEWORKS_FOLDER_PATH}/nanopb.framework",
			);
			runOnlyForDeploymentPostprocessing = 0;
			shellPath = /bin/sh;
			shellScript = "\"${PODS_ROOT}/Target Support Files/Pods-ChoreApp/Pods-ChoreApp-frameworks.sh\"\n";
			showEnvVarsInLog = 0;
		};
/* End PBXShellScriptBuildPhase section */

/* Begin PBXSourcesBuildPhase section */
		8B326A9821AD926D00665FFE /* Sources */ = {
			isa = PBXSourcesBuildPhase;
			buildActionMask = 2147483647;
			files = (
				8B6AB6BC22314E990055907B /* AddChorePopupViewController.swift in Sources */,
				8BB436BA22049A8A00811C2B /* DatabaseHandler.swift in Sources */,
				8B73F68621C8235F005A66E5 /* NoGroupViewController.swift in Sources */,
				8B326AA021AD926D00665FFE /* AppDelegate.swift in Sources */,
				8B73F68821C83F56005A66E5 /* ParentViewController.swift in Sources */,
				8B296EF0222EBE40002EB0B8 /* AddMemberPopupViewController.swift in Sources */,
				97C6789B21F0B47500EFA7F2 /* ChildViewController.swift in Sources */,
				9736145D22034B3200B427E0 /* DuplicateLoadingScreenViewController.swift in Sources */,
				8B2F01A2223A9AC7008AC7DC /* CustomTabBarController.swift in Sources */,
				8B28478621C00F59009737AC /* Chore.swift in Sources */,
				F39BC85821DE593100BD3DD3 /* staticValues.swift in Sources */,
				97F6A33021DE5CA100B58278 /* SignUpViewController.swift in Sources */,
				8B28478221C00F44009737AC /* User.swift in Sources */,
				8BB436B62203592600811C2B /* StartingScreenViewController.swift in Sources */,
				8B296EF222301B74002EB0B8 /* CreateNewGroupViewController.swift in Sources */,
				97F6A33221DE5CC700B58278 /* LogInViewController.swift in Sources */,
				8B28478421C00F51009737AC /* Group.swift in Sources */,
				F390B1B822049828006A5F97 /* ChoreTableViewCell.swift in Sources */,
			);
			runOnlyForDeploymentPostprocessing = 0;
		};
/* End PBXSourcesBuildPhase section */

/* Begin XCBuildConfiguration section */
		8B326AC221AD927800665FFE /* Debug */ = {
			isa = XCBuildConfiguration;
			buildSettings = {
				ALWAYS_SEARCH_USER_PATHS = NO;
				CLANG_ANALYZER_NONNULL = YES;
				CLANG_ANALYZER_NUMBER_OBJECT_CONVERSION = YES_AGGRESSIVE;
				CLANG_CXX_LANGUAGE_STANDARD = "gnu++14";
				CLANG_CXX_LIBRARY = "libc++";
				CLANG_ENABLE_MODULES = YES;
				CLANG_ENABLE_OBJC_ARC = YES;
				CLANG_ENABLE_OBJC_WEAK = YES;
				CLANG_WARN_BLOCK_CAPTURE_AUTORELEASING = YES;
				CLANG_WARN_BOOL_CONVERSION = YES;
				CLANG_WARN_COMMA = YES;
				CLANG_WARN_CONSTANT_CONVERSION = YES;
				CLANG_WARN_DEPRECATED_OBJC_IMPLEMENTATIONS = YES;
				CLANG_WARN_DIRECT_OBJC_ISA_USAGE = YES_ERROR;
				CLANG_WARN_DOCUMENTATION_COMMENTS = YES;
				CLANG_WARN_EMPTY_BODY = YES;
				CLANG_WARN_ENUM_CONVERSION = YES;
				CLANG_WARN_INFINITE_RECURSION = YES;
				CLANG_WARN_INT_CONVERSION = YES;
				CLANG_WARN_NON_LITERAL_NULL_CONVERSION = YES;
				CLANG_WARN_OBJC_IMPLICIT_RETAIN_SELF = YES;
				CLANG_WARN_OBJC_LITERAL_CONVERSION = YES;
				CLANG_WARN_OBJC_ROOT_CLASS = YES_ERROR;
				CLANG_WARN_RANGE_LOOP_ANALYSIS = YES;
				CLANG_WARN_STRICT_PROTOTYPES = YES;
				CLANG_WARN_SUSPICIOUS_MOVE = YES;
				CLANG_WARN_UNGUARDED_AVAILABILITY = YES_AGGRESSIVE;
				CLANG_WARN_UNREACHABLE_CODE = YES;
				CLANG_WARN__DUPLICATE_METHOD_MATCH = YES;
				CODE_SIGN_IDENTITY = "iPhone Developer";
				COPY_PHASE_STRIP = NO;
				DEBUG_INFORMATION_FORMAT = dwarf;
				ENABLE_STRICT_OBJC_MSGSEND = YES;
				ENABLE_TESTABILITY = YES;
				GCC_C_LANGUAGE_STANDARD = gnu11;
				GCC_DYNAMIC_NO_PIC = NO;
				GCC_NO_COMMON_BLOCKS = YES;
				GCC_OPTIMIZATION_LEVEL = 0;
				GCC_PREPROCESSOR_DEFINITIONS = (
					"DEBUG=1",
					"$(inherited)",
				);
				GCC_WARN_64_TO_32_BIT_CONVERSION = YES;
				GCC_WARN_ABOUT_RETURN_TYPE = YES_ERROR;
				GCC_WARN_UNDECLARED_SELECTOR = YES;
				GCC_WARN_UNINITIALIZED_AUTOS = YES_AGGRESSIVE;
				GCC_WARN_UNUSED_FUNCTION = YES;
				GCC_WARN_UNUSED_VARIABLE = YES;
				IPHONEOS_DEPLOYMENT_TARGET = 12.1;
				MTL_ENABLE_DEBUG_INFO = YES;
				ONLY_ACTIVE_ARCH = YES;
				SDKROOT = iphoneos;
				SWIFT_ACTIVE_COMPILATION_CONDITIONS = DEBUG;
				SWIFT_OPTIMIZATION_LEVEL = "-Onone";
			};
			name = Debug;
		};
		8B326AC321AD927800665FFE /* Release */ = {
			isa = XCBuildConfiguration;
			buildSettings = {
				ALWAYS_SEARCH_USER_PATHS = NO;
				CLANG_ANALYZER_NONNULL = YES;
				CLANG_ANALYZER_NUMBER_OBJECT_CONVERSION = YES_AGGRESSIVE;
				CLANG_CXX_LANGUAGE_STANDARD = "gnu++14";
				CLANG_CXX_LIBRARY = "libc++";
				CLANG_ENABLE_MODULES = YES;
				CLANG_ENABLE_OBJC_ARC = YES;
				CLANG_ENABLE_OBJC_WEAK = YES;
				CLANG_WARN_BLOCK_CAPTURE_AUTORELEASING = YES;
				CLANG_WARN_BOOL_CONVERSION = YES;
				CLANG_WARN_COMMA = YES;
				CLANG_WARN_CONSTANT_CONVERSION = YES;
				CLANG_WARN_DEPRECATED_OBJC_IMPLEMENTATIONS = YES;
				CLANG_WARN_DIRECT_OBJC_ISA_USAGE = YES_ERROR;
				CLANG_WARN_DOCUMENTATION_COMMENTS = YES;
				CLANG_WARN_EMPTY_BODY = YES;
				CLANG_WARN_ENUM_CONVERSION = YES;
				CLANG_WARN_INFINITE_RECURSION = YES;
				CLANG_WARN_INT_CONVERSION = YES;
				CLANG_WARN_NON_LITERAL_NULL_CONVERSION = YES;
				CLANG_WARN_OBJC_IMPLICIT_RETAIN_SELF = YES;
				CLANG_WARN_OBJC_LITERAL_CONVERSION = YES;
				CLANG_WARN_OBJC_ROOT_CLASS = YES_ERROR;
				CLANG_WARN_RANGE_LOOP_ANALYSIS = YES;
				CLANG_WARN_STRICT_PROTOTYPES = YES;
				CLANG_WARN_SUSPICIOUS_MOVE = YES;
				CLANG_WARN_UNGUARDED_AVAILABILITY = YES_AGGRESSIVE;
				CLANG_WARN_UNREACHABLE_CODE = YES;
				CLANG_WARN__DUPLICATE_METHOD_MATCH = YES;
				CODE_SIGN_IDENTITY = "iPhone Developer";
				COPY_PHASE_STRIP = NO;
				DEBUG_INFORMATION_FORMAT = "dwarf-with-dsym";
				ENABLE_NS_ASSERTIONS = NO;
				ENABLE_STRICT_OBJC_MSGSEND = YES;
				GCC_C_LANGUAGE_STANDARD = gnu11;
				GCC_NO_COMMON_BLOCKS = YES;
				GCC_WARN_64_TO_32_BIT_CONVERSION = YES;
				GCC_WARN_ABOUT_RETURN_TYPE = YES_ERROR;
				GCC_WARN_UNDECLARED_SELECTOR = YES;
				GCC_WARN_UNINITIALIZED_AUTOS = YES_AGGRESSIVE;
				GCC_WARN_UNUSED_FUNCTION = YES;
				GCC_WARN_UNUSED_VARIABLE = YES;
				IPHONEOS_DEPLOYMENT_TARGET = 12.1;
				MTL_ENABLE_DEBUG_INFO = NO;
				SDKROOT = iphoneos;
				SWIFT_COMPILATION_MODE = wholemodule;
				SWIFT_OPTIMIZATION_LEVEL = "-O";
				VALIDATE_PRODUCT = YES;
			};
			name = Release;
		};
		8B326AC521AD927800665FFE /* Debug */ = {
			isa = XCBuildConfiguration;
			baseConfigurationReference = 98D7D931FF7F0FA21FB2178A /* Pods-ChoreApp.debug.xcconfig */;
			buildSettings = {
				ASSETCATALOG_COMPILER_APPICON_NAME = AppIcon;
				CODE_SIGN_STYLE = Automatic;
				DEVELOPMENT_TEAM = RA8J2JTT7N;
				INFOPLIST_FILE = ChoreApp/Info.plist;
				IPHONEOS_DEPLOYMENT_TARGET = 12.1;
				LD_RUNPATH_SEARCH_PATHS = (
					"$(inherited)",
					"@executable_path/Frameworks",
				);
				PRODUCT_BUNDLE_IDENTIFIER = SeminarChoreApp.ChoreApp;
				PRODUCT_NAME = "$(TARGET_NAME)";
				SWIFT_VERSION = 4.0;
				TARGETED_DEVICE_FAMILY = "1,2";
			};
			name = Debug;
		};
		8B326AC621AD927800665FFE /* Release */ = {
			isa = XCBuildConfiguration;
			baseConfigurationReference = D0B941B14A85B763217D5324 /* Pods-ChoreApp.release.xcconfig */;
			buildSettings = {
				ASSETCATALOG_COMPILER_APPICON_NAME = AppIcon;
				CODE_SIGN_STYLE = Automatic;
				DEVELOPMENT_TEAM = RA8J2JTT7N;
				INFOPLIST_FILE = ChoreApp/Info.plist;
				IPHONEOS_DEPLOYMENT_TARGET = 12.1;
				LD_RUNPATH_SEARCH_PATHS = (
					"$(inherited)",
					"@executable_path/Frameworks",
				);
				PRODUCT_BUNDLE_IDENTIFIER = SeminarChoreApp.ChoreApp;
				PRODUCT_NAME = "$(TARGET_NAME)";
				SWIFT_VERSION = 4.0;
				TARGETED_DEVICE_FAMILY = "1,2";
			};
			name = Release;
		};
/* End XCBuildConfiguration section */

/* Begin XCConfigurationList section */
		8B326A9721AD926D00665FFE /* Build configuration list for PBXProject "ChoreApp" */ = {
			isa = XCConfigurationList;
			buildConfigurations = (
				8B326AC221AD927800665FFE /* Debug */,
				8B326AC321AD927800665FFE /* Release */,
			);
			defaultConfigurationIsVisible = 0;
			defaultConfigurationName = Release;
		};
		8B326AC421AD927800665FFE /* Build configuration list for PBXNativeTarget "ChoreApp" */ = {
			isa = XCConfigurationList;
			buildConfigurations = (
				8B326AC521AD927800665FFE /* Debug */,
				8B326AC621AD927800665FFE /* Release */,
			);
			defaultConfigurationIsVisible = 0;
			defaultConfigurationName = Release;
		};
/* End XCConfigurationList section */
	};
	rootObject = 8B326A9421AD926D00665FFE /* Project object */;
}
