// !$*UTF8*$!
{
	archiveVersion = 1;
	classes = {
	};
	objectVersion = 50;
	objects = {

/* Begin PBXBuildFile section */
		58ADA62A9AA3227B1AAB3C97 /* Pods_ChoreApp.framework in Frameworks */ = {isa = PBXBuildFile; fileRef = 9EE85045751A6284C536B015 /* Pods_ChoreApp.framework */; };
		8B28478221C00F44009737AC /* User.swift in Sources */ = {isa = PBXBuildFile; fileRef = 8B28478121C00F44009737AC /* User.swift */; };
		8B28478421C00F51009737AC /* Group.swift in Sources */ = {isa = PBXBuildFile; fileRef = 8B28478321C00F51009737AC /* Group.swift */; };
		8B28478621C00F59009737AC /* Chore.swift in Sources */ = {isa = PBXBuildFile; fileRef = 8B28478521C00F59009737AC /* Chore.swift */; };
		8B326AA021AD926D00665FFE /* AppDelegate.swift in Sources */ = {isa = PBXBuildFile; fileRef = 8B326A9F21AD926D00665FFE /* AppDelegate.swift */; };
		8B326AA221AD926D00665FFE /* ViewController.swift in Sources */ = {isa = PBXBuildFile; fileRef = 8B326AA121AD926D00665FFE /* ViewController.swift */; };
		8B326AA521AD926D00665FFE /* Main.storyboard in Resources */ = {isa = PBXBuildFile; fileRef = 8B326AA321AD926D00665FFE /* Main.storyboard */; };
		8B326AA721AD927700665FFE /* Assets.xcassets in Resources */ = {isa = PBXBuildFile; fileRef = 8B326AA621AD927700665FFE /* Assets.xcassets */; };
		8B326AAA21AD927700665FFE /* LaunchScreen.storyboard in Resources */ = {isa = PBXBuildFile; fileRef = 8B326AA821AD927700665FFE /* LaunchScreen.storyboard */; };
		8BC1EBFD21AF04B0004CF3EC /* GoogleService-Info.plist in Resources */ = {isa = PBXBuildFile; fileRef = 8BC1EBFC21AF04AF004CF3EC /* GoogleService-Info.plist */; };
/* End PBXBuildFile section */

/* Begin PBXFileReference section */
		8B28478121C00F44009737AC /* User.swift */ = {isa = PBXFileReference; lastKnownFileType = sourcecode.swift; path = User.swift; sourceTree = "<group>"; };
		8B28478321C00F51009737AC /* Group.swift */ = {isa = PBXFileReference; lastKnownFileType = sourcecode.swift; path = Group.swift; sourceTree = "<group>"; };
		8B28478521C00F59009737AC /* Chore.swift */ = {isa = PBXFileReference; lastKnownFileType = sourcecode.swift; path = Chore.swift; sourceTree = "<group>"; };
		8B326A9C21AD926D00665FFE /* ChoreApp.app */ = {isa = PBXFileReference; explicitFileType = wrapper.application; includeInIndex = 0; path = ChoreApp.app; sourceTree = BUILT_PRODUCTS_DIR; };
		8B326A9F21AD926D00665FFE /* AppDelegate.swift */ = {isa = PBXFileReference; lastKnownFileType = sourcecode.swift; path = AppDelegate.swift; sourceTree = "<group>"; };
		8B326AA121AD926D00665FFE /* ViewController.swift */ = {isa = PBXFileReference; lastKnownFileType = sourcecode.swift; path = ViewController.swift; sourceTree = "<group>"; };
		8B326AA421AD926D00665FFE /* Base */ = {isa = PBXFileReference; lastKnownFileType = file.storyboard; name = Base; path = Base.lproj/Main.storyboard; sourceTree = "<group>"; };
		8B326AA621AD927700665FFE /* Assets.xcassets */ = {isa = PBXFileReference; lastKnownFileType = folder.assetcatalog; path = Assets.xcassets; sourceTree = "<group>"; };
		8B326AA921AD927700665FFE /* Base */ = {isa = PBXFileReference; lastKnownFileType = file.storyboard; name = Base; path = Base.lproj/LaunchScreen.storyboard; sourceTree = "<group>"; };
		8B326AAB21AD927700665FFE /* Info.plist */ = {isa = PBXFileReference; lastKnownFileType = text.plist.xml; path = Info.plist; sourceTree = "<group>"; };
		8BC1EBFC21AF04AF004CF3EC /* GoogleService-Info.plist */ = {isa = PBXFileReference; fileEncoding = 4; lastKnownFileType = text.plist.xml; path = "GoogleService-Info.plist"; sourceTree = "<group>"; };
		9EE85045751A6284C536B015 /* Pods_ChoreApp.framework */ = {isa = PBXFileReference; explicitFileType = wrapper.framework; includeInIndex = 0; path = Pods_ChoreApp.framework; sourceTree = BUILT_PRODUCTS_DIR; };
		A61BB57B41B4271E3BB4E33D /* Pods-ChoreApp.release.xcconfig */ = {isa = PBXFileReference; includeInIndex = 1; lastKnownFileType = text.xcconfig; name = "Pods-ChoreApp.release.xcconfig"; path = "Pods/Target Support Files/Pods-ChoreApp/Pods-ChoreApp.release.xcconfig"; sourceTree = "<group>"; };
		B7153283E4AB56CB7973327B /* Pods-ChoreApp.debug.xcconfig */ = {isa = PBXFileReference; includeInIndex = 1; lastKnownFileType = text.xcconfig; name = "Pods-ChoreApp.debug.xcconfig"; path = "Pods/Target Support Files/Pods-ChoreApp/Pods-ChoreApp.debug.xcconfig"; sourceTree = "<group>"; };
/* End PBXFileReference section */

/* Begin PBXFrameworksBuildPhase section */
		8B326A9921AD926D00665FFE /* Frameworks */ = {
			isa = PBXFrameworksBuildPhase;
			buildActionMask = 2147483647;
			files = (
				58ADA62A9AA3227B1AAB3C97 /* Pods_ChoreApp.framework in Frameworks */,
			);
			runOnlyForDeploymentPostprocessing = 0;
		};
/* End PBXFrameworksBuildPhase section */

/* Begin PBXGroup section */
		120BD973B0C0F8AFDC288B6A /* Frameworks */ = {
			isa = PBXGroup;
			children = (
				9EE85045751A6284C536B015 /* Pods_ChoreApp.framework */,
			);
			name = Frameworks;
			sourceTree = "<group>";
		};
		8B326A9321AD926D00665FFE = {
			isa = PBXGroup;
			children = (
				8B326A9E21AD926D00665FFE /* ChoreApp */,
				8B326A9D21AD926D00665FFE /* Products */,
				9FC0BF67D5EE21CBA6BEDE36 /* Pods */,
				120BD973B0C0F8AFDC288B6A /* Frameworks */,
			);
			sourceTree = "<group>";
		};
		8B326A9D21AD926D00665FFE /* Products */ = {
			isa = PBXGroup;
			children = (
				8B326A9C21AD926D00665FFE /* ChoreApp.app */,
			);
			name = Products;
			sourceTree = "<group>";
		};
		8B326A9E21AD926D00665FFE /* ChoreApp */ = {
			isa = PBXGroup;
			children = (
				8B326A9F21AD926D00665FFE /* AppDelegate.swift */,
				8B326AA121AD926D00665FFE /* ViewController.swift */,
				8B326AA321AD926D00665FFE /* Main.storyboard */,
				8B326AA621AD927700665FFE /* Assets.xcassets */,
				8B326AA821AD927700665FFE /* LaunchScreen.storyboard */,
				8B326AAB21AD927700665FFE /* Info.plist */,
				8BC1EBFC21AF04AF004CF3EC /* GoogleService-Info.plist */,
				8B28478121C00F44009737AC /* User.swift */,
				8B28478321C00F51009737AC /* Group.swift */,
				8B28478521C00F59009737AC /* Chore.swift */,
			);
			path = ChoreApp;
			sourceTree = "<group>";
		};
		9FC0BF67D5EE21CBA6BEDE36 /* Pods */ = {
			isa = PBXGroup;
			children = (
				B7153283E4AB56CB7973327B /* Pods-ChoreApp.debug.xcconfig */,
				A61BB57B41B4271E3BB4E33D /* Pods-ChoreApp.release.xcconfig */,
			);
			name = Pods;
			sourceTree = "<group>";
		};
/* End PBXGroup section */

/* Begin PBXNativeTarget section */
		8B326A9B21AD926D00665FFE /* ChoreApp */ = {
			isa = PBXNativeTarget;
			buildConfigurationList = 8B326AC421AD927800665FFE /* Build configuration list for PBXNativeTarget "ChoreApp" */;
			buildPhases = (
				3FFBF6D05C2A05D356449FD7 /* [CP] Check Pods Manifest.lock */,
				8B326A9821AD926D00665FFE /* Sources */,
				8B326A9921AD926D00665FFE /* Frameworks */,
				8B326A9A21AD926D00665FFE /* Resources */,
				EA3E003AC50A7C4D45EF74A9 /* [CP] Embed Pods Frameworks */,
			);
			buildRules = (
			);
			dependencies = (
			);
			name = ChoreApp;
			productName = ChoreApp;
			productReference = 8B326A9C21AD926D00665FFE /* ChoreApp.app */;
			productType = "com.apple.product-type.application";
		};
/* End PBXNativeTarget section */

/* Begin PBXProject section */
		8B326A9421AD926D00665FFE /* Project object */ = {
			isa = PBXProject;
			attributes = {
				LastSwiftUpdateCheck = 0940;
				LastUpgradeCheck = 0940;
				ORGANIZATIONNAME = SeminarGroup;
				TargetAttributes = {
					8B326A9B21AD926D00665FFE = {
						CreatedOnToolsVersion = 9.4;
					};
				};
			};
			buildConfigurationList = 8B326A9721AD926D00665FFE /* Build configuration list for PBXProject "ChoreApp" */;
			compatibilityVersion = "Xcode 9.3";
			developmentRegion = en;
			hasScannedForEncodings = 0;
			knownRegions = (
				en,
				Base,
			);
			mainGroup = 8B326A9321AD926D00665FFE;
			productRefGroup = 8B326A9D21AD926D00665FFE /* Products */;
			projectDirPath = "";
			projectRoot = "";
			targets = (
				8B326A9B21AD926D00665FFE /* ChoreApp */,
			);
		};
/* End PBXProject section */

/* Begin PBXResourcesBuildPhase section */
		8B326A9A21AD926D00665FFE /* Resources */ = {
			isa = PBXResourcesBuildPhase;
			buildActionMask = 2147483647;
			files = (
				8B326AAA21AD927700665FFE /* LaunchScreen.storyboard in Resources */,
				8BC1EBFD21AF04B0004CF3EC /* GoogleService-Info.plist in Resources */,
				8B326AA721AD927700665FFE /* Assets.xcassets in Resources */,
				8B326AA521AD926D00665FFE /* Main.storyboard in Resources */,
			);
			runOnlyForDeploymentPostprocessing = 0;
		};
/* End PBXResourcesBuildPhase section */

/* Begin PBXShellScriptBuildPhase section */
		3FFBF6D05C2A05D356449FD7 /* [CP] Check Pods Manifest.lock */ = {
			isa = PBXShellScriptBuildPhase;
			buildActionMask = 2147483647;
			files = (
			);
			inputFileListPaths = (
			);
			inputPaths = (
				"${PODS_PODFILE_DIR_PATH}/Podfile.lock",
				"${PODS_ROOT}/Manifest.lock",
			);
			name = "[CP] Check Pods Manifest.lock";
			outputFileListPaths = (
			);
			outputPaths = (
				"$(DERIVED_FILE_DIR)/Pods-ChoreApp-checkManifestLockResult.txt",
			);
			runOnlyForDeploymentPostprocessing = 0;
			shellPath = /bin/sh;
			shellScript = "diff \"${PODS_PODFILE_DIR_PATH}/Podfile.lock\" \"${PODS_ROOT}/Manifest.lock\" > /dev/null\nif [ $? != 0 ] ; then\n    # print error to STDERR\n    echo \"error: The sandbox is not in sync with the Podfile.lock. Run 'pod install' or update your CocoaPods installation.\" >&2\n    exit 1\nfi\n# This output is used by Xcode 'outputs' to avoid re-running this script phase.\necho \"SUCCESS\" > \"${SCRIPT_OUTPUT_FILE_0}\"\n";
			showEnvVarsInLog = 0;
		};
		EA3E003AC50A7C4D45EF74A9 /* [CP] Embed Pods Frameworks */ = {
			isa = PBXShellScriptBuildPhase;
			buildActionMask = 2147483647;
			files = (
			);
			inputFileListPaths = (
			);
			inputPaths = (
				"${SRCROOT}/Pods/Target Support Files/Pods-ChoreApp/Pods-ChoreApp-frameworks.sh",
				"${BUILT_PRODUCTS_DIR}/GTMSessionFetcher/GTMSessionFetcher.framework",
				"${BUILT_PRODUCTS_DIR}/GoogleUtilities/GoogleUtilities.framework",
				"${BUILT_PRODUCTS_DIR}/leveldb-library/leveldb.framework",
				"${BUILT_PRODUCTS_DIR}/nanopb/nanopb.framework",
			);
			name = "[CP] Embed Pods Frameworks";
			outputFileListPaths = (
			);
			outputPaths = (
				"${TARGET_BUILD_DIR}/${FRAMEWORKS_FOLDER_PATH}/GTMSessionFetcher.framework",
				"${TARGET_BUILD_DIR}/${FRAMEWORKS_FOLDER_PATH}/GoogleUtilities.framework",
				"${TARGET_BUILD_DIR}/${FRAMEWORKS_FOLDER_PATH}/leveldb.framework",
				"${TARGET_BUILD_DIR}/${FRAMEWORKS_FOLDER_PATH}/nanopb.framework",
			);
			runOnlyForDeploymentPostprocessing = 0;
			shellPath = /bin/sh;
			shellScript = "\"${SRCROOT}/Pods/Target Support Files/Pods-ChoreApp/Pods-ChoreApp-frameworks.sh\"\n";
			showEnvVarsInLog = 0;
		};
/* End PBXShellScriptBuildPhase section */

/* Begin PBXSourcesBuildPhase section */
		8B326A9821AD926D00665FFE /* Sources */ = {
			isa = PBXSourcesBuildPhase;
			buildActionMask = 2147483647;
			files = (
				8B326AA221AD926D00665FFE /* ViewController.swift in Sources */,
				8B326AA021AD926D00665FFE /* AppDelegate.swift in Sources */,
				8B28478621C00F59009737AC /* Chore.swift in Sources */,
				8B28478221C00F44009737AC /* User.swift in Sources */,
				8B28478421C00F51009737AC /* Group.swift in Sources */,
			);
			runOnlyForDeploymentPostprocessing = 0;
		};
/* End PBXSourcesBuildPhase section */

/* Begin PBXVariantGroup section */
		8B326AA321AD926D00665FFE /* Main.storyboard */ = {
			isa = PBXVariantGroup;
			children = (
				8B326AA421AD926D00665FFE /* Base */,
			);
			name = Main.storyboard;
			sourceTree = "<group>";
		};
		8B326AA821AD927700665FFE /* LaunchScreen.storyboard */ = {
			isa = PBXVariantGroup;
			children = (
				8B326AA921AD927700665FFE /* Base */,
			);
			name = LaunchScreen.storyboard;
			sourceTree = "<group>";
		};
/* End PBXVariantGroup section */

/* Begin XCBuildConfiguration section */
		8B326AC221AD927800665FFE /* Debug */ = {
			isa = XCBuildConfiguration;
			buildSettings = {
				ALWAYS_SEARCH_USER_PATHS = NO;
				CLANG_ANALYZER_NONNULL = YES;
				CLANG_ANALYZER_NUMBER_OBJECT_CONVERSION = YES_AGGRESSIVE;
				CLANG_CXX_LANGUAGE_STANDARD = "gnu++14";
				CLANG_CXX_LIBRARY = "libc++";
				CLANG_ENABLE_MODULES = YES;
				CLANG_ENABLE_OBJC_ARC = YES;
				CLANG_ENABLE_OBJC_WEAK = YES;
				CLANG_WARN_BLOCK_CAPTURE_AUTORELEASING = YES;
				CLANG_WARN_BOOL_CONVERSION = YES;
				CLANG_WARN_COMMA = YES;
				CLANG_WARN_CONSTANT_CONVERSION = YES;
				CLANG_WARN_DEPRECATED_OBJC_IMPLEMENTATIONS = YES;
				CLANG_WARN_DIRECT_OBJC_ISA_USAGE = YES_ERROR;
				CLANG_WARN_DOCUMENTATION_COMMENTS = YES;
				CLANG_WARN_EMPTY_BODY = YES;
				CLANG_WARN_ENUM_CONVERSION = YES;
				CLANG_WARN_INFINITE_RECURSION = YES;
				CLANG_WARN_INT_CONVERSION = YES;
				CLANG_WARN_NON_LITERAL_NULL_CONVERSION = YES;
				CLANG_WARN_OBJC_IMPLICIT_RETAIN_SELF = YES;
				CLANG_WARN_OBJC_LITERAL_CONVERSION = YES;
				CLANG_WARN_OBJC_ROOT_CLASS = YES_ERROR;
				CLANG_WARN_RANGE_LOOP_ANALYSIS = YES;
				CLANG_WARN_STRICT_PROTOTYPES = YES;
				CLANG_WARN_SUSPICIOUS_MOVE = YES;
				CLANG_WARN_UNGUARDED_AVAILABILITY = YES_AGGRESSIVE;
				CLANG_WARN_UNREACHABLE_CODE = YES;
				CLANG_WARN__DUPLICATE_METHOD_MATCH = YES;
				CODE_SIGN_IDENTITY = "iPhone Developer";
				COPY_PHASE_STRIP = NO;
				DEBUG_INFORMATION_FORMAT = dwarf;
				ENABLE_STRICT_OBJC_MSGSEND = YES;
				ENABLE_TESTABILITY = YES;
				GCC_C_LANGUAGE_STANDARD = gnu11;
				GCC_DYNAMIC_NO_PIC = NO;
				GCC_NO_COMMON_BLOCKS = YES;
				GCC_OPTIMIZATION_LEVEL = 0;
				GCC_PREPROCESSOR_DEFINITIONS = (
					"DEBUG=1",
					"$(inherited)",
				);
				GCC_WARN_64_TO_32_BIT_CONVERSION = YES;
				GCC_WARN_ABOUT_RETURN_TYPE = YES_ERROR;
				GCC_WARN_UNDECLARED_SELECTOR = YES;
				GCC_WARN_UNINITIALIZED_AUTOS = YES_AGGRESSIVE;
				GCC_WARN_UNUSED_FUNCTION = YES;
				GCC_WARN_UNUSED_VARIABLE = YES;
				IPHONEOS_DEPLOYMENT_TARGET = 11.4;
				MTL_ENABLE_DEBUG_INFO = YES;
				ONLY_ACTIVE_ARCH = YES;
				SDKROOT = iphoneos;
				SWIFT_ACTIVE_COMPILATION_CONDITIONS = DEBUG;
				SWIFT_OPTIMIZATION_LEVEL = "-Onone";
			};
			name = Debug;
		};
		8B326AC321AD927800665FFE /* Release */ = {
			isa = XCBuildConfiguration;
			buildSettings = {
				ALWAYS_SEARCH_USER_PATHS = NO;
				CLANG_ANALYZER_NONNULL = YES;
				CLANG_ANALYZER_NUMBER_OBJECT_CONVERSION = YES_AGGRESSIVE;
				CLANG_CXX_LANGUAGE_STANDARD = "gnu++14";
				CLANG_CXX_LIBRARY = "libc++";
				CLANG_ENABLE_MODULES = YES;
				CLANG_ENABLE_OBJC_ARC = YES;
				CLANG_ENABLE_OBJC_WEAK = YES;
				CLANG_WARN_BLOCK_CAPTURE_AUTORELEASING = YES;
				CLANG_WARN_BOOL_CONVERSION = YES;
				CLANG_WARN_COMMA = YES;
				CLANG_WARN_CONSTANT_CONVERSION = YES;
				CLANG_WARN_DEPRECATED_OBJC_IMPLEMENTATIONS = YES;
				CLANG_WARN_DIRECT_OBJC_ISA_USAGE = YES_ERROR;
				CLANG_WARN_DOCUMENTATION_COMMENTS = YES;
				CLANG_WARN_EMPTY_BODY = YES;
				CLANG_WARN_ENUM_CONVERSION = YES;
				CLANG_WARN_INFINITE_RECURSION = YES;
				CLANG_WARN_INT_CONVERSION = YES;
				CLANG_WARN_NON_LITERAL_NULL_CONVERSION = YES;
				CLANG_WARN_OBJC_IMPLICIT_RETAIN_SELF = YES;
				CLANG_WARN_OBJC_LITERAL_CONVERSION = YES;
				CLANG_WARN_OBJC_ROOT_CLASS = YES_ERROR;
				CLANG_WARN_RANGE_LOOP_ANALYSIS = YES;
				CLANG_WARN_STRICT_PROTOTYPES = YES;
				CLANG_WARN_SUSPICIOUS_MOVE = YES;
				CLANG_WARN_UNGUARDED_AVAILABILITY = YES_AGGRESSIVE;
				CLANG_WARN_UNREACHABLE_CODE = YES;
				CLANG_WARN__DUPLICATE_METHOD_MATCH = YES;
				CODE_SIGN_IDENTITY = "iPhone Developer";
				COPY_PHASE_STRIP = NO;
				DEBUG_INFORMATION_FORMAT = "dwarf-with-dsym";
				ENABLE_NS_ASSERTIONS = NO;
				ENABLE_STRICT_OBJC_MSGSEND = YES;
				GCC_C_LANGUAGE_STANDARD = gnu11;
				GCC_NO_COMMON_BLOCKS = YES;
				GCC_WARN_64_TO_32_BIT_CONVERSION = YES;
				GCC_WARN_ABOUT_RETURN_TYPE = YES_ERROR;
				GCC_WARN_UNDECLARED_SELECTOR = YES;
				GCC_WARN_UNINITIALIZED_AUTOS = YES_AGGRESSIVE;
				GCC_WARN_UNUSED_FUNCTION = YES;
				GCC_WARN_UNUSED_VARIABLE = YES;
				IPHONEOS_DEPLOYMENT_TARGET = 11.4;
				MTL_ENABLE_DEBUG_INFO = NO;
				SDKROOT = iphoneos;
				SWIFT_COMPILATION_MODE = wholemodule;
				SWIFT_OPTIMIZATION_LEVEL = "-O";
				VALIDATE_PRODUCT = YES;
			};
			name = Release;
		};
		8B326AC521AD927800665FFE /* Debug */ = {
			isa = XCBuildConfiguration;
			baseConfigurationReference = B7153283E4AB56CB7973327B /* Pods-ChoreApp.debug.xcconfig */;
			buildSettings = {
				ASSETCATALOG_COMPILER_APPICON_NAME = AppIcon;
				CODE_SIGN_STYLE = Automatic;
				DEVELOPMENT_TEAM = RA8J2JTT7N;
				INFOPLIST_FILE = ChoreApp/Info.plist;
				LD_RUNPATH_SEARCH_PATHS = (
					"$(inherited)",
					"@executable_path/Frameworks",
				);
				PRODUCT_BUNDLE_IDENTIFIER = SeminarChoreApp.ChoreApp;
				PRODUCT_NAME = "$(TARGET_NAME)";
				SWIFT_VERSION = 4.0;
				TARGETED_DEVICE_FAMILY = "1,2";
			};
			name = Debug;
		};
		8B326AC621AD927800665FFE /* Release */ = {
			isa = XCBuildConfiguration;
			baseConfigurationReference = A61BB57B41B4271E3BB4E33D /* Pods-ChoreApp.release.xcconfig */;
			buildSettings = {
				ASSETCATALOG_COMPILER_APPICON_NAME = AppIcon;
				CODE_SIGN_STYLE = Automatic;
				DEVELOPMENT_TEAM = RA8J2JTT7N;
				INFOPLIST_FILE = ChoreApp/Info.plist;
				LD_RUNPATH_SEARCH_PATHS = (
					"$(inherited)",
					"@executable_path/Frameworks",
				);
				PRODUCT_BUNDLE_IDENTIFIER = SeminarChoreApp.ChoreApp;
				PRODUCT_NAME = "$(TARGET_NAME)";
				SWIFT_VERSION = 4.0;
				TARGETED_DEVICE_FAMILY = "1,2";
			};
			name = Release;
		};
/* End XCBuildConfiguration section */

/* Begin XCConfigurationList section */
		8B326A9721AD926D00665FFE /* Build configuration list for PBXProject "ChoreApp" */ = {
			isa = XCConfigurationList;
			buildConfigurations = (
				8B326AC221AD927800665FFE /* Debug */,
				8B326AC321AD927800665FFE /* Release */,
			);
			defaultConfigurationIsVisible = 0;
			defaultConfigurationName = Release;
		};
		8B326AC421AD927800665FFE /* Build configuration list for PBXNativeTarget "ChoreApp" */ = {
			isa = XCConfigurationList;
			buildConfigurations = (
				8B326AC521AD927800665FFE /* Debug */,
				8B326AC621AD927800665FFE /* Release */,
			);
			defaultConfigurationIsVisible = 0;
			defaultConfigurationName = Release;
		};
/* End XCConfigurationList section */
	};
	rootObject = 8B326A9421AD926D00665FFE /* Project object */;
}
